
Microsoft Visual Studio Solution File, Format Version 12.00
# Visual Studio Version 17
VisualStudioVersion = 17.2.32602.215
MinimumVisualStudioVersion = 10.0.40219.1
Project("{9A19103F-16F7-4668-BE54-9A1E7A4F7556}") = "ITimer", "ITimer\ITimer.csproj", "{2FBE4D53-9BC5-44CE-98AE-8806B764B425}"
EndProject
Project("{2150E333-8FDC-42A3-9474-1A3956D46DE8}") = "Solution Items", "Solution Items", "{5F208338-6CB6-4268-9220-B3F561026736}"
	ProjectSection(SolutionItems) = preProject
		LICENSE = LICENSE
		README.md = README.md
	EndProjectSection
EndProject
Project("{9A19103F-16F7-4668-BE54-9A1E7A4F7556}") = "ITimer.Tests", "ITimer.Tests\ITimer.Tests.csproj", "{14DF201D-E60D-4258-B6DB-B1A893553EF2}"
EndProject
Project("{7CF6DF6D-3B04-46F8-A40B-537D21BCA0B4}") = "ITimer.Documentation", "ITimer.Documentation\ITimer.Documentation.shfbproj", "{73C23AAA-84F5-4338-BB35-52708C44C0F4}"
	ProjectSection(ProjectDependencies) = postProject
		{2FBE4D53-9BC5-44CE-98AE-8806B764B425} = {2FBE4D53-9BC5-44CE-98AE-8806B764B425}
	EndProjectSection
EndProject
Global
	GlobalSection(SolutionConfigurationPlatforms) = preSolution
		Debug|Any CPU = Debug|Any CPU
		Release|Any CPU = Release|Any CPU
		ReleaseWithDocumentation|Any CPU = ReleaseWithDocumentation|Any CPU
	EndGlobalSection
	GlobalSection(ProjectConfigurationPlatforms) = postSolution
		{2FBE4D53-9BC5-44CE-98AE-8806B764B425}.Debug|Any CPU.ActiveCfg = Debug|Any CPU
		{2FBE4D53-9BC5-44CE-98AE-8806B764B425}.Debug|Any CPU.Build.0 = Debug|Any CPU
		{2FBE4D53-9BC5-44CE-98AE-8806B764B425}.Release|Any CPU.ActiveCfg = Release|Any CPU
		{2FBE4D53-9BC5-44CE-98AE-8806B764B425}.Release|Any CPU.Build.0 = Release|Any CPU
		{2FBE4D53-9BC5-44CE-98AE-8806B764B425}.ReleaseWithDocumentation|Any CPU.ActiveCfg = ReleaseWithDocumentation|Any CPU
		{2FBE4D53-9BC5-44CE-98AE-8806B764B425}.ReleaseWithDocumentation|Any CPU.Build.0 = ReleaseWithDocumentation|Any CPU
		{14DF201D-E60D-4258-B6DB-B1A893553EF2}.Debug|Any CPU.ActiveCfg = Debug|Any CPU
		{14DF201D-E60D-4258-B6DB-B1A893553EF2}.Debug|Any CPU.Build.0 = Debug|Any CPU
		{14DF201D-E60D-4258-B6DB-B1A893553EF2}.Release|Any CPU.ActiveCfg = Release|Any CPU
		{14DF201D-E60D-4258-B6DB-B1A893553EF2}.Release|Any CPU.Build.0 = Release|Any CPU
		{14DF201D-E60D-4258-B6DB-B1A893553EF2}.ReleaseWithDocumentation|Any CPU.ActiveCfg = ReleaseWithDocumentation|Any CPU
		{14DF201D-E60D-4258-B6DB-B1A893553EF2}.ReleaseWithDocumentation|Any CPU.Build.0 = ReleaseWithDocumentation|Any CPU
		{73C23AAA-84F5-4338-BB35-52708C44C0F4}.Debug|Any CPU.ActiveCfg = Debug|Any CPU
		{73C23AAA-84F5-4338-BB35-52708C44C0F4}.Release|Any CPU.ActiveCfg = Release|Any CPU
		{73C23AAA-84F5-4338-BB35-52708C44C0F4}.ReleaseWithDocumentation|Any CPU.ActiveCfg = ReleaseWithDocumentation|Any CPU
		{73C23AAA-84F5-4338-BB35-52708C44C0F4}.ReleaseWithDocumentation|Any CPU.Build.0 = ReleaseWithDocumentation|Any CPU
	EndGlobalSection
	GlobalSection(SolutionProperties) = preSolution
		HideSolutionNode = FALSE
	EndGlobalSection
	GlobalSection(ExtensibilityGlobals) = postSolution
		SolutionGuid = {B5C27EE2-9510-4872-B1EE-BD862EFAF19C}
	EndGlobalSection
EndGlobal
